
Microsoft Visual Studio Solution File, Format Version 12.00
# Visual Studio Version 16
VisualStudioVersion = 16.0.30523.141
MinimumVisualStudioVersion = 10.0.40219.1
Project("{FAE04EC0-301F-11D3-BF4B-00C04F79EFBC}") = "CRUD_view_EF", "CRUD_view_EF\CRUD_view_EF.csproj", "{0D8A0A9C-23B8-4582-9DCE-5410B06558D3}"
EndProject
Global
	GlobalSection(SolutionConfigurationPlatforms) = preSolution
		Debug|Any CPU = Debug|Any CPU
		Release|Any CPU = Release|Any CPU
	EndGlobalSection
	GlobalSection(ProjectConfigurationPlatforms) = postSolution
		{0D8A0A9C-23B8-4582-9DCE-5410B06558D3}.Debug|Any CPU.ActiveCfg = Debug|Any CPU
		{0D8A0A9C-23B8-4582-9DCE-5410B06558D3}.Debug|Any CPU.Build.0 = Debug|Any CPU
		{0D8A0A9C-23B8-4582-9DCE-5410B06558D3}.Release|Any CPU.ActiveCfg = Release|Any CPU
		{0D8A0A9C-23B8-4582-9DCE-5410B06558D3}.Release|Any CPU.Build.0 = Release|Any CPU
	EndGlobalSection
	GlobalSection(SolutionProperties) = preSolution
		HideSolutionNode = FALSE
	EndGlobalSection
	GlobalSection(ExtensibilityGlobals) = postSolution
		SolutionGuid = {14AD9A09-A0CB-4283-A8C1-30B3B52BC2FF}
	EndGlobalSection
EndGlobal
