
Microsoft Visual Studio Solution File, Format Version 12.00
# Visual Studio Version 16
VisualStudioVersion = 16.0.30330.147
MinimumVisualStudioVersion = 10.0.40219.1
Project("{FAE04EC0-301F-11D3-BF4B-00C04F79EFBC}") = "CRUD_OperationsInMVC", "CRUD_OperationsInMVC\CRUD_OperationsInMVC.csproj", "{7126E287-45DD-45DF-BCF3-D38203CD9DC1}"
EndProject
Global
	GlobalSection(SolutionConfigurationPlatforms) = preSolution
		Debug|Any CPU = Debug|Any CPU
		Release|Any CPU = Release|Any CPU
	EndGlobalSection
	GlobalSection(ProjectConfigurationPlatforms) = postSolution
		{7126E287-45DD-45DF-BCF3-D38203CD9DC1}.Debug|Any CPU.ActiveCfg = Debug|Any CPU
		{7126E287-45DD-45DF-BCF3-D38203CD9DC1}.Debug|Any CPU.Build.0 = Debug|Any CPU
		{7126E287-45DD-45DF-BCF3-D38203CD9DC1}.Release|Any CPU.ActiveCfg = Release|Any CPU
		{7126E287-45DD-45DF-BCF3-D38203CD9DC1}.Release|Any CPU.Build.0 = Release|Any CPU
	EndGlobalSection
	GlobalSection(SolutionProperties) = preSolution
		HideSolutionNode = FALSE
	EndGlobalSection
	GlobalSection(ExtensibilityGlobals) = postSolution
		SolutionGuid = {8B6D6EC0-4C68-437E-8795-373352AF1B87}
	EndGlobalSection
EndGlobal
